
Microsoft Visual Studio Solution File, Format Version 12.00
# Visual Studio 14
VisualStudioVersion = 14.0.25420.1
MinimumVisualStudioVersion = 10.0.40219.1
Project("{FAE04EC0-301F-11D3-BF4B-00C04F79EFBC}") = "EllipticCurveFactorization", "EllipticCurveFactorization\EllipticCurveFactorization.csproj", "{F9B9361D-3FCC-40E2-95C1-8E4C3AA6D6DC}"
EndProject
Project("{FAE04EC0-301F-11D3-BF4B-00C04F79EFBC}") = "QuadraticSieve", "QuadraticSieve\QuadraticSieve.csproj", "{69700010-8BC3-4543-ABCC-911541953372}"
EndProject
Global
	GlobalSection(SolutionConfigurationPlatforms) = preSolution
		Debug|Any CPU = Debug|Any CPU
		Release|Any CPU = Release|Any CPU
	EndGlobalSection
	GlobalSection(ProjectConfigurationPlatforms) = postSolution
		{F9B9361D-3FCC-40E2-95C1-8E4C3AA6D6DC}.Debug|Any CPU.ActiveCfg = Debug|Any CPU
		{F9B9361D-3FCC-40E2-95C1-8E4C3AA6D6DC}.Debug|Any CPU.Build.0 = Debug|Any CPU
		{F9B9361D-3FCC-40E2-95C1-8E4C3AA6D6DC}.Release|Any CPU.ActiveCfg = Release|Any CPU
		{F9B9361D-3FCC-40E2-95C1-8E4C3AA6D6DC}.Release|Any CPU.Build.0 = Release|Any CPU
		{69700010-8BC3-4543-ABCC-911541953372}.Debug|Any CPU.ActiveCfg = Debug|Any CPU
		{69700010-8BC3-4543-ABCC-911541953372}.Debug|Any CPU.Build.0 = Debug|Any CPU
		{69700010-8BC3-4543-ABCC-911541953372}.Release|Any CPU.ActiveCfg = Release|Any CPU
		{69700010-8BC3-4543-ABCC-911541953372}.Release|Any CPU.Build.0 = Release|Any CPU
	EndGlobalSection
	GlobalSection(SolutionProperties) = preSolution
		HideSolutionNode = FALSE
	EndGlobalSection
EndGlobal
